
Microsoft Visual Studio Solution File, Format Version 12.00
# Visual Studio Version 17
VisualStudioVersion = 17.1.32414.318
MinimumVisualStudioVersion = 10.0.40219.1
Project("{9A19103F-16F7-4668-BE54-9A1E7A4F7556}") = "LFC.DAL", "LFC.DAL\LFC.DAL.csproj", "{1AF18D1E-07D3-4B75-90F1-6E47642A492D}"
EndProject
Project("{9A19103F-16F7-4668-BE54-9A1E7A4F7556}") = "LFC.BLL", "LFC.BLL\LFC.BLL.csproj", "{FE21383F-D26F-4EF2-9012-BDB6EEB25052}"
	ProjectSection(ProjectDependencies) = postProject
		{1AF18D1E-07D3-4B75-90F1-6E47642A492D} = {1AF18D1E-07D3-4B75-90F1-6E47642A492D}
	EndProjectSection
EndProject
Project("{9A19103F-16F7-4668-BE54-9A1E7A4F7556}") = "LFC.Web", "LFC.Web\LFC.Web.csproj", "{968CDD20-95FA-4B96-8024-412B7DBF719A}"
	ProjectSection(ProjectDependencies) = postProject
		{FE21383F-D26F-4EF2-9012-BDB6EEB25052} = {FE21383F-D26F-4EF2-9012-BDB6EEB25052}
	EndProjectSection
EndProject
Global
	GlobalSection(SolutionConfigurationPlatforms) = preSolution
		Debug|Any CPU = Debug|Any CPU
		Release|Any CPU = Release|Any CPU
	EndGlobalSection
	GlobalSection(ProjectConfigurationPlatforms) = postSolution
		{1AF18D1E-07D3-4B75-90F1-6E47642A492D}.Debug|Any CPU.ActiveCfg = Debug|Any CPU
		{1AF18D1E-07D3-4B75-90F1-6E47642A492D}.Debug|Any CPU.Build.0 = Debug|Any CPU
		{1AF18D1E-07D3-4B75-90F1-6E47642A492D}.Release|Any CPU.ActiveCfg = Release|Any CPU
		{1AF18D1E-07D3-4B75-90F1-6E47642A492D}.Release|Any CPU.Build.0 = Release|Any CPU
		{FE21383F-D26F-4EF2-9012-BDB6EEB25052}.Debug|Any CPU.ActiveCfg = Debug|Any CPU
		{FE21383F-D26F-4EF2-9012-BDB6EEB25052}.Debug|Any CPU.Build.0 = Debug|Any CPU
		{FE21383F-D26F-4EF2-9012-BDB6EEB25052}.Release|Any CPU.ActiveCfg = Release|Any CPU
		{FE21383F-D26F-4EF2-9012-BDB6EEB25052}.Release|Any CPU.Build.0 = Release|Any CPU
		{968CDD20-95FA-4B96-8024-412B7DBF719A}.Debug|Any CPU.ActiveCfg = Debug|Any CPU
		{968CDD20-95FA-4B96-8024-412B7DBF719A}.Debug|Any CPU.Build.0 = Debug|Any CPU
		{968CDD20-95FA-4B96-8024-412B7DBF719A}.Release|Any CPU.ActiveCfg = Release|Any CPU
		{968CDD20-95FA-4B96-8024-412B7DBF719A}.Release|Any CPU.Build.0 = Release|Any CPU
	EndGlobalSection
	GlobalSection(SolutionProperties) = preSolution
		HideSolutionNode = FALSE
	EndGlobalSection
	GlobalSection(ExtensibilityGlobals) = postSolution
		SolutionGuid = {CC90E4B1-3FA9-4E22-A16A-C22ED034F1A4}
	EndGlobalSection
EndGlobal
