
Microsoft Visual Studio Solution File, Format Version 12.00
Project("{FAE04EC0-301F-11D3-BF4B-00C04F79EFBC}") = "WebApplication", "WebApplication\WebApplication.csproj", "{19C0D9DB-24B0-4AA8-9B6C-8C5C37CBC676}"
EndProject
Project("{FAE04EC0-301F-11D3-BF4B-00C04F79EFBC}") = "Data", "Data\Data.csproj", "{038B639F-15C8-480C-A583-3E5E3178927A}"
EndProject
Project("{FAE04EC0-301F-11D3-BF4B-00C04F79EFBC}") = "BusinessLogic", "BusinessLogic\BusinessLogic.csproj", "{5CAD29D0-DD2F-43BC-994E-C26BCE4CF412}"
EndProject
Project("{FAE04EC0-301F-11D3-BF4B-00C04F79EFBC}") = "xTest", "xTest\xTest.csproj", "{CC930827-DD54-42B7-8E77-A7F8B7D4C3C9}"
EndProject
Global
	GlobalSection(SolutionConfigurationPlatforms) = preSolution
		Debug|Any CPU = Debug|Any CPU
		Release|Any CPU = Release|Any CPU
	EndGlobalSection
	GlobalSection(ProjectConfigurationPlatforms) = postSolution
		{19C0D9DB-24B0-4AA8-9B6C-8C5C37CBC676}.Debug|Any CPU.ActiveCfg = Debug|Any CPU
		{19C0D9DB-24B0-4AA8-9B6C-8C5C37CBC676}.Debug|Any CPU.Build.0 = Debug|Any CPU
		{19C0D9DB-24B0-4AA8-9B6C-8C5C37CBC676}.Release|Any CPU.ActiveCfg = Release|Any CPU
		{19C0D9DB-24B0-4AA8-9B6C-8C5C37CBC676}.Release|Any CPU.Build.0 = Release|Any CPU
		{038B639F-15C8-480C-A583-3E5E3178927A}.Debug|Any CPU.ActiveCfg = Debug|Any CPU
		{038B639F-15C8-480C-A583-3E5E3178927A}.Debug|Any CPU.Build.0 = Debug|Any CPU
		{038B639F-15C8-480C-A583-3E5E3178927A}.Release|Any CPU.ActiveCfg = Release|Any CPU
		{038B639F-15C8-480C-A583-3E5E3178927A}.Release|Any CPU.Build.0 = Release|Any CPU
		{5CAD29D0-DD2F-43BC-994E-C26BCE4CF412}.Debug|Any CPU.ActiveCfg = Debug|Any CPU
		{5CAD29D0-DD2F-43BC-994E-C26BCE4CF412}.Debug|Any CPU.Build.0 = Debug|Any CPU
		{5CAD29D0-DD2F-43BC-994E-C26BCE4CF412}.Release|Any CPU.ActiveCfg = Release|Any CPU
		{5CAD29D0-DD2F-43BC-994E-C26BCE4CF412}.Release|Any CPU.Build.0 = Release|Any CPU
		{CC930827-DD54-42B7-8E77-A7F8B7D4C3C9}.Debug|Any CPU.ActiveCfg = Debug|Any CPU
		{CC930827-DD54-42B7-8E77-A7F8B7D4C3C9}.Debug|Any CPU.Build.0 = Debug|Any CPU
		{CC930827-DD54-42B7-8E77-A7F8B7D4C3C9}.Release|Any CPU.ActiveCfg = Release|Any CPU
		{CC930827-DD54-42B7-8E77-A7F8B7D4C3C9}.Release|Any CPU.Build.0 = Release|Any CPU
	EndGlobalSection
EndGlobal
